lockfileVersion: '9.0'

settings:
  autoInstallPeers: true
  excludeLinksFromLockfile: false

importers:

  .:
    devDependencies:
      node:
        specifier: runtime:24.19.0
        version: runtime:24.19.0

packages:

  node@runtime:24.19.0:
    resolution:
      type: variations
      variants:
        - resolution:
            archive: tarball
            bin:
              node: bin/node
            integrity: sha256-9ONcExZd5ogMqiVYwKpIyoitpH/iI0vtB9Ztu4CkfI0=
            type: binary
            url: https://nodejs.org/download/release/v24.19.0/node-v24.19.0-aix-ppc64.tar.gz
          targets:
            - cpu: ppc64
              os: aix
        - resolution:
            archive: tarball
            bin:
              node: bin/node
            integrity: sha256-gpS3qpsDmXSBwGur8eiycMhZNY8n2lehFQmv5TesOB0=
            type: binary
            url: https://nodejs.org/download/release/v24.19.0/node-v24.19.0-darwin-arm64.tar.gz
          targets:
            - cpu: arm64
              os: darwin
        - resolution:
            archive: tarball
            bin:
              node: bin/node
            integrity: sha256-0bXpmdsVjGL+j3JnpEdrA12L2TsaYFusJKPw3RZuMxY=
            type: binary
            url: https://nodejs.org/download/release/v24.19.0/node-v24.19.0-darwin-x64.tar.gz
          targets:
            - cpu: x64
              os: darwin
        - resolution:
            archive: tarball
            bin:
              node: bin/node
            integrity: sha256-0oyKW/CoCPDtQ0odzoxUrpjwNxwL2GrFirxhP3PmZD8=
            type: binary
            url: https://nodejs.org/download/release/v24.19.0/node-v24.19.0-linux-arm64.tar.gz
          targets:
            - cpu: arm64
              os: linux
        - resolution:
            archive: tarball
            bin:
              node: bin/node
            integrity: sha256-sxqMTLxYn5FS8y/bQxhGl1nhZViltdk7f/L7KHsBPbI=
            type: binary
            url: https://nodejs.org/download/release/v24.19.0/node-v24.19.0-linux-ppc64le.tar.gz
          targets:
            - cpu: ppc64le
              os: linux
        - resolution:
            archive: tarball
            bin:
              node: bin/node
            integrity: sha256-s6tqQ5KCjbn9TtloOY1VGIKSvMFYGVQtU74LEQDjMvw=
            type: binary
            url: https://nodejs.org/download/release/v24.19.0/node-v24.19.0-linux-s390x.tar.gz
          targets:
            - cpu: s390x
              os: linux
        - resolution:
            archive: tarball
            bin:
              node: bin/node
            integrity: sha256-9iXZfNcH30/5YlSRb7xf8BTwnAnv/loeDKj21BqHidQ=
            type: binary
            url: https://nodejs.org/download/release/v24.19.0/node-v24.19.0-linux-x64.tar.gz
          targets:
            - cpu: x64
              os: linux
        - resolution:
            archive: zip
            bin:
              node: node.exe
            integrity: sha256-hQL0pQtFjUzDjtjyABVWws0jnUZJIPdAF5Jsyx4cFX8=
            prefix: node-v24.19.0-win-arm64
            type: binary
            url: https://nodejs.org/download/release/v24.19.0/node-v24.19.0-win-arm64.zip
          targets:
            - cpu: arm64
              os: win32
        - resolution:
            archive: zip
            bin:
              node: node.exe
            integrity: sha256-V/cas2UueX2ErN3HnIHMn/HG3bKhl0zbg/AP7pv/THM=
            prefix: node-v24.19.0-win-x64
            type: binary
            url: https://nodejs.org/download/release/v24.19.0/node-v24.19.0-win-x64.zip
          targets:
            - cpu: x64
              os: win32
        - resolution:
            archive: tarball
            bin:
              node: bin/node
            integrity: sha256-IIJOTTWUj65bM33M70eBOwTYmVMS9Z33OG8iVtn5q34=
            type: binary
            url: https://unofficial-builds.nodejs.org/download/release/v24.19.0/node-v24.19.0-linux-arm64-musl.tar.gz
          targets:
            - cpu: arm64
              os: linux
              libc: musl
        - resolution:
            archive: tarball
            bin:
              node: bin/node
            integrity: sha256-xgIjeG3xSl0j4iDruOYDGPUyJkCmL5Dm2eVNOhjaUy4=
            type: binary
            url: https://unofficial-builds.nodejs.org/download/release/v24.19.0/node-v24.19.0-linux-x64-musl.tar.gz
          targets:
            - cpu: x64
              os: linux
              libc: musl
    version: 24.19.0
    hasBin: true

snapshots:

  node@runtime:24.19.0: {}
